// !$*UTF8*$!
{
	archiveVersion = 1;
	classes = {
	};
	objectVersion = 48;
	objects = {

/* Begin PBXBuildFile section */
		1DCA0731207360D9008179A6 /* AppDelegate.swift in Sources */ = {isa = PBXBuildFile; fileRef = 1DCA0730207360D9008179A6 /* AppDelegate.swift */; };
		1DCA0733207360D9008179A6 /* ViewController.swift in Sources */ = {isa = PBXBuildFile; fileRef = 1DCA0732207360D9008179A6 /* ViewController.swift */; };
		1DCA0736207360DA008179A6 /* Main.storyboard in Resources */ = {isa = PBXBuildFile; fileRef = 1DCA0734207360DA008179A6 /* Main.storyboard */; };
		1DCA0738207360DA008179A6 /* Assets.xcassets in Resources */ = {isa = PBXBuildFile; fileRef = 1DCA0737207360DA008179A6 /* Assets.xcassets */; };
		1DCA073B207360DA008179A6 /* LaunchScreen.storyboard in Resources */ = {isa = PBXBuildFile; fileRef = 1DCA0739207360DA008179A6 /* LaunchScreen.storyboard */; };
		1DCA0746207360DA008179A6 /* ListTests.swift in Sources */ = {isa = PBXBuildFile; fileRef = 1DCA0745207360DA008179A6 /* ListTests.swift */; };
		1DCA0751207360DA008179A6 /* ListUITests.swift in Sources */ = {isa = PBXBuildFile; fileRef = 1DCA0750207360DA008179A6 /* ListUITests.swift */; };
/* End PBXBuildFile section */

/* Begin PBXContainerItemProxy section */
		1DCA0742207360DA008179A6 /* PBXContainerItemProxy */ = {
			isa = PBXContainerItemProxy;
			containerPortal = 1DCA0725207360D9008179A6 /* Project object */;
			proxyType = 1;
			remoteGlobalIDString = 1DCA072C207360D9008179A6;
			remoteInfo = List;
		};
		1DCA074D207360DA008179A6 /* PBXContainerItemProxy */ = {
			isa = PBXContainerItemProxy;
			containerPortal = 1DCA0725207360D9008179A6 /* Project object */;
			proxyType = 1;
			remoteGlobalIDString = 1DCA072C207360D9008179A6;
			remoteInfo = List;
		};
/* End PBXContainerItemProxy section */

/* Begin PBXFileReference section */
		1DCA072D207360D9008179A6 /* List.app */ = {isa = PBXFileReference; explicitFileType = wrapper.application; includeInIndex = 0; path = List.app; sourceTree = BUILT_PRODUCTS_DIR; };
		1DCA0730207360D9008179A6 /* AppDelegate.swift */ = {isa = PBXFileReference; lastKnownFileType = sourcecode.swift; path = AppDelegate.swift; sourceTree = "<group>"; };
		1DCA0732207360D9008179A6 /* ViewController.swift */ = {isa = PBXFileReference; lastKnownFileType = sourcecode.swift; path = ViewController.swift; sourceTree = "<group>"; };
		1DCA0735207360DA008179A6 /* Base */ = {isa = PBXFileReference; lastKnownFileType = file.storyboard; name = Base; path = Base.lproj/Main.storyboard; sourceTree = "<group>"; };
		1DCA0737207360DA008179A6 /* Assets.xcassets */ = {isa = PBXFileReference; lastKnownFileType = folder.assetcatalog; path = Assets.xcassets; sourceTree = "<group>"; };
		1DCA073A207360DA008179A6 /* Base */ = {isa = PBXFileReference; lastKnownFileType = file.storyboard; name = Base; path = Base.lproj/LaunchScreen.storyboard; sourceTree = "<group>"; };
		1DCA073C207360DA008179A6 /* Info.plist */ = {isa = PBXFileReference; lastKnownFileType = text.plist.xml; path = Info.plist; sourceTree = "<group>"; };
		1DCA0741207360DA008179A6 /* ListTests.xctest */ = {isa = PBXFileReference; explicitFileType = wrapper.cfbundle; includeInIndex = 0; path = ListTests.xctest; sourceTree = BUILT_PRODUCTS_DIR; };
		1DCA0745207360DA008179A6 /* ListTests.swift */ = {isa = PBXFileReference; lastKnownFileType = sourcecode.swift; path = ListTests.swift; sourceTree = "<group>"; };
		1DCA0747207360DA008179A6 /* Info.plist */ = {isa = PBXFileReference; lastKnownFileType = text.plist.xml; path = Info.plist; sourceTree = "<group>"; };
		1DCA074C207360DA008179A6 /* ListUITests.xctest */ = {isa = PBXFileReference; explicitFileType = wrapper.cfbundle; includeInIndex = 0; path = ListUITests.xctest; sourceTree = BUILT_PRODUCTS_DIR; };
		1DCA0750207360DA008179A6 /* ListUITests.swift */ = {isa = PBXFileReference; lastKnownFileType = sourcecode.swift; path = ListUITests.swift; sourceTree = "<group>"; };
		1DCA0752207360DA008179A6 /* Info.plist */ = {isa = PBXFileReference; lastKnownFileType = text.plist.xml; path = Info.plist; sourceTree = "<group>"; };
/* End PBXFileReference section */

/* Begin PBXFrameworksBuildPhase section */
		1DCA072A207360D9008179A6 /* Frameworks */ = {
			isa = PBXFrameworksBuildPhase;
			buildActionMask = 2147483647;
			files = (
			);
			runOnlyForDeploymentPostprocessing = 0;
		};
		1DCA073E207360DA008179A6 /* Frameworks */ = {
			isa = PBXFrameworksBuildPhase;
			buildActionMask = 2147483647;
			files = (
			);
			runOnlyForDeploymentPostprocessing = 0;
		};
		1DCA0749207360DA008179A6 /* Frameworks */ = {
			isa = PBXFrameworksBuildPhase;
			buildActionMask = 2147483647;
			files = (
			);
			runOnlyForDeploymentPostprocessing = 0;
		};
/* End PBXFrameworksBuildPhase section */

/* Begin PBXGroup section */
		1DCA0724207360D9008179A6 = {
			isa = PBXGroup;
			children = (
				1DCA072F207360D9008179A6 /* List */,
				1DCA0744207360DA008179A6 /* ListTests */,
				1DCA074F207360DA008179A6 /* ListUITests */,
				1DCA072E207360D9008179A6 /* Products */,
			);
			sourceTree = "<group>";
		};
		1DCA072E207360D9008179A6 /* Products */ = {
			isa = PBXGroup;
			children = (
				1DCA072D207360D9008179A6 /* List.app */,
				1DCA0741207360DA008179A6 /* ListTests.xctest */,
				1DCA074C207360DA008179A6 /* ListUITests.xctest */,
			);
			name = Products;
			sourceTree = "<group>";
		};
		1DCA072F207360D9008179A6 /* List */ = {
			isa = PBXGroup;
			children = (
				1DCA0730207360D9008179A6 /* AppDelegate.swift */,
				1DCA0732207360D9008179A6 /* ViewController.swift */,
				1DCA0734207360DA008179A6 /* Main.storyboard */,
				1DCA0737207360DA008179A6 /* Assets.xcassets */,
				1DCA0739207360DA008179A6 /* LaunchScreen.storyboard */,
				1DCA073C207360DA008179A6 /* Info.plist */,
			);
			path = List;
			sourceTree = "<group>";
		};
		1DCA0744207360DA008179A6 /* ListTests */ = {
			isa = PBXGroup;
			children = (
				1DCA0745207360DA008179A6 /* ListTests.swift */,
				1DCA0747207360DA008179A6 /* Info.plist */,
			);
			path = ListTests;
			sourceTree = "<group>";
		};
		1DCA074F207360DA008179A6 /* ListUITests */ = {
			isa = PBXGroup;
			children = (
				1DCA0750207360DA008179A6 /* ListUITests.swift */,
				1DCA0752207360DA008179A6 /* Info.plist */,
			);
			path = ListUITests;
			sourceTree = "<group>";
		};
/* End PBXGroup section */

/* Begin PBXNativeTarget section */
		1DCA072C207360D9008179A6 /* List */ = {
			isa = PBXNativeTarget;
			buildConfigurationList = 1DCA0755207360DA008179A6 /* Build configuration list for PBXNativeTarget "List" */;
			buildPhases = (
				1DCA0729207360D9008179A6 /* Sources */,
				1DCA072A207360D9008179A6 /* Frameworks */,
				1DCA072B207360D9008179A6 /* Resources */,
			);
			buildRules = (
			);
			dependencies = (
			);
			name = List;
			productName = List;
			productReference = 1DCA072D207360D9008179A6 /* List.app */;
			productType = "com.apple.product-type.application";
		};
		1DCA0740207360DA008179A6 /* ListTests */ = {
			isa = PBXNativeTarget;
			buildConfigurationList = 1DCA0758207360DA008179A6 /* Build configuration list for PBXNativeTarget "ListTests" */;
			buildPhases = (
				1DCA073D207360DA008179A6 /* Sources */,
				1DCA073E207360DA008179A6 /* Frameworks */,
				1DCA073F207360DA008179A6 /* Resources */,
			);
			buildRules = (
			);
			dependencies = (
				1DCA0743207360DA008179A6 /* PBXTargetDependency */,
			);
			name = ListTests;
			productName = ListTests;
			productReference = 1DCA0741207360DA008179A6 /* ListTests.xctest */;
			productType = "com.apple.product-type.bundle.unit-test";
		};
		1DCA074B207360DA008179A6 /* ListUITests */ = {
			isa = PBXNativeTarget;
			buildConfigurationList = 1DCA075B207360DA008179A6 /* Build configuration list for PBXNativeTarget "ListUITests" */;
			buildPhases = (
				1DCA0748207360DA008179A6 /* Sources */,
				1DCA0749207360DA008179A6 /* Frameworks */,
				1DCA074A207360DA008179A6 /* Resources */,
			);
			buildRules = (
			);
			dependencies = (
				1DCA074E207360DA008179A6 /* PBXTargetDependency */,
			);
			name = ListUITests;
			productName = ListUITests;
			productReference = 1DCA074C207360DA008179A6 /* ListUITests.xctest */;
			productType = "com.apple.product-type.bundle.ui-testing";
		};
/* End PBXNativeTarget section */

/* Begin PBXProject section */
		1DCA0725207360D9008179A6 /* Project object */ = {
			isa = PBXProject;
			attributes = {
				LastSwiftUpdateCheck = 0900;
				LastUpgradeCheck = 0900;
				ORGANIZATIONNAME = "vedashree k";
				TargetAttributes = {
					1DCA072C207360D9008179A6 = {
						CreatedOnToolsVersion = 9.0;
						ProvisioningStyle = Automatic;
					};
					1DCA0740207360DA008179A6 = {
						CreatedOnToolsVersion = 9.0;
						ProvisioningStyle = Automatic;
						TestTargetID = 1DCA072C207360D9008179A6;
					};
					1DCA074B207360DA008179A6 = {
						CreatedOnToolsVersion = 9.0;
						ProvisioningStyle = Automatic;
						TestTargetID = 1DCA072C207360D9008179A6;
					};
				};
			};
			buildConfigurationList = 1DCA0728207360D9008179A6 /* Build configuration list for PBXProject "List" */;
			compatibilityVersion = "Xcode 8.0";
			developmentRegion = en;
			hasScannedForEncodings = 0;
			knownRegions = (
				en,
				Base,
			);
			mainGroup = 1DCA0724207360D9008179A6;
			productRefGroup = 1DCA072E207360D9008179A6 /* Products */;
			projectDirPath = "";
			projectRoot = "";
			targets = (
				1DCA072C207360D9008179A6 /* List */,
				1DCA0740207360DA008179A6 /* ListTests */,
				1DCA074B207360DA008179A6 /* ListUITests */,
			);
		};
/* End PBXProject section */

/* Begin PBXResourcesBuildPhase section */
		1DCA072B207360D9008179A6 /* Resources */ = {
			isa = PBXResourcesBuildPhase;
			buildActionMask = 2147483647;
			files = (
				1DCA073B207360DA008179A6 /* LaunchScreen.storyboard in Resources */,
				1DCA0738207360DA008179A6 /* Assets.xcassets in Resources */,
				1DCA0736207360DA008179A6 /* Main.storyboard in Resources */,
			);
			runOnlyForDeploymentPostprocessing = 0;
		};
		1DCA073F207360DA008179A6 /* Resources */ = {
			isa = PBXResourcesBuildPhase;
			buildActionMask = 2147483647;
			files = (
			);
			runOnlyForDeploymentPostprocessing = 0;
		};
		1DCA074A207360DA008179A6 /* Resources */ = {
			isa = PBXResourcesBuildPhase;
			buildActionMask = 2147483647;
			files = (
			);
			runOnlyForDeploymentPostprocessing = 0;
		};
/* End PBXResourcesBuildPhase section */

/* Begin PBXSourcesBuildPhase section */
		1DCA0729207360D9008179A6 /* Sources */ = {
			isa = PBXSourcesBuildPhase;
			buildActionMask = 2147483647;
			files = (
				1DCA0733207360D9008179A6 /* ViewController.swift in Sources */,
				1DCA0731207360D9008179A6 /* AppDelegate.swift in Sources */,
			);
			runOnlyForDeploymentPostprocessing = 0;
		};
		1DCA073D207360DA008179A6 /* Sources */ = {
			isa = PBXSourcesBuildPhase;
			buildActionMask = 2147483647;
			files = (
				1DCA0746207360DA008179A6 /* ListTests.swift in Sources */,
			);
			runOnlyForDeploymentPostprocessing = 0;
		};
		1DCA0748207360DA008179A6 /* Sources */ = {
			isa = PBXSourcesBuildPhase;
			buildActionMask = 2147483647;
			files = (
				1DCA0751207360DA008179A6 /* ListUITests.swift in Sources */,
			);
			runOnlyForDeploymentPostprocessing = 0;
		};
/* End PBXSourcesBuildPhase section */

/* Begin PBXTargetDependency section */
		1DCA0743207360DA008179A6 /* PBXTargetDependency */ = {
			isa = PBXTargetDependency;
			target = 1DCA072C207360D9008179A6 /* List */;
			targetProxy = 1DCA0742207360DA008179A6 /* PBXContainerItemProxy */;
		};
		1DCA074E207360DA008179A6 /* PBXTargetDependency */ = {
			isa = PBXTargetDependency;
			target = 1DCA072C207360D9008179A6 /* List */;
			targetProxy = 1DCA074D207360DA008179A6 /* PBXContainerItemProxy */;
		};
/* End PBXTargetDependency section */

/* Begin PBXVariantGroup section */
		1DCA0734207360DA008179A6 /* Main.storyboard */ = {
			isa = PBXVariantGroup;
			children = (
				1DCA0735207360DA008179A6 /* Base */,
			);
			name = Main.storyboard;
			sourceTree = "<group>";
		};
		1DCA0739207360DA008179A6 /* LaunchScreen.storyboard */ = {
			isa = PBXVariantGroup;
			children = (
				1DCA073A207360DA008179A6 /* Base */,
			);
			name = LaunchScreen.storyboard;
			sourceTree = "<group>";
		};
/* End PBXVariantGroup section */

/* Begin XCBuildConfiguration section */
		1DCA0753207360DA008179A6 /* Debug */ = {
			isa = XCBuildConfiguration;
			buildSettings = {
				ALWAYS_SEARCH_USER_PATHS = NO;
				CLANG_ANALYZER_NONNULL = YES;
				CLANG_ANALYZER_NUMBER_OBJECT_CONVERSION = YES_AGGRESSIVE;
				CLANG_CXX_LANGUAGE_STANDARD = "gnu++14";
				CLANG_CXX_LIBRARY = "libc++";
				CLANG_ENABLE_MODULES = YES;
				CLANG_ENABLE_OBJC_ARC = YES;
				CLANG_WARN_BLOCK_CAPTURE_AUTORELEASING = YES;
				CLANG_WARN_BOOL_CONVERSION = YES;
				CLANG_WARN_COMMA = YES;
				CLANG_WARN_CONSTANT_CONVERSION = YES;
				CLANG_WARN_DIRECT_OBJC_ISA_USAGE = YES_ERROR;
				CLANG_WARN_DOCUMENTATION_COMMENTS = YES;
				CLANG_WARN_EMPTY_BODY = YES;
				CLANG_WARN_ENUM_CONVERSION = YES;
				CLANG_WARN_INFINITE_RECURSION = YES;
				CLANG_WARN_INT_CONVERSION = YES;
				CLANG_WARN_NON_LITERAL_NULL_CONVERSION = YES;
				CLANG_WARN_OBJC_LITERAL_CONVERSION = YES;
				CLANG_WARN_OBJC_ROOT_CLASS = YES_ERROR;
				CLANG_WARN_RANGE_LOOP_ANALYSIS = YES;
				CLANG_WARN_STRICT_PROTOTYPES = YES;
				CLANG_WARN_SUSPICIOUS_MOVE = YES;
				CLANG_WARN_UNGUARDED_AVAILABILITY = YES_AGGRESSIVE;
				CLANG_WARN_UNREACHABLE_CODE = YES;
				CLANG_WARN__DUPLICATE_METHOD_MATCH = YES;
				CODE_SIGN_IDENTITY = "iPhone Developer";
				COPY_PHASE_STRIP = NO;
				DEBUG_INFORMATION_FORMAT = dwarf;
				ENABLE_STRICT_OBJC_MSGSEND = YES;
				ENABLE_TESTABILITY = YES;
				GCC_C_LANGUAGE_STANDARD = gnu11;
				GCC_DYNAMIC_NO_PIC = NO;
				GCC_NO_COMMON_BLOCKS = YES;
				GCC_OPTIMIZATION_LEVEL = 0;
				GCC_PREPROCESSOR_DEFINITIONS = (
					"DEBUG=1",
					"$(inherited)",
				);
				GCC_WARN_64_TO_32_BIT_CONVERSION = YES;
				GCC_WARN_ABOUT_RETURN_TYPE = YES_ERROR;
				GCC_WARN_UNDECLARED_SELECTOR = YES;
				GCC_WARN_UNINITIALIZED_AUTOS = YES_AGGRESSIVE;
				GCC_WARN_UNUSED_FUNCTION = YES;
				GCC_WARN_UNUSED_VARIABLE = YES;
				IPHONEOS_DEPLOYMENT_TARGET = 11.0;
				MTL_ENABLE_DEBUG_INFO = YES;
				ONLY_ACTIVE_ARCH = YES;
				SDKROOT = iphoneos;
				SWIFT_ACTIVE_COMPILATION_CONDITIONS = DEBUG;
				SWIFT_OPTIMIZATION_LEVEL = "-Onone";
			};
			name = Debug;
		};
		1DCA0754207360DA008179A6 /* Release */ = {
			isa = XCBuildConfiguration;
			buildSettings = {
				ALWAYS_SEARCH_USER_PATHS = NO;
				CLANG_ANALYZER_NONNULL = YES;
				CLANG_ANALYZER_NUMBER_OBJECT_CONVERSION = YES_AGGRESSIVE;
				CLANG_CXX_LANGUAGE_STANDARD = "gnu++14";
				CLANG_CXX_LIBRARY = "libc++";
				CLANG_ENABLE_MODULES = YES;
				CLANG_ENABLE_OBJC_ARC = YES;
				CLANG_WARN_BLOCK_CAPTURE_AUTORELEASING = YES;
				CLANG_WARN_BOOL_CONVERSION = YES;
				CLANG_WARN_COMMA = YES;
				CLANG_WARN_CONSTANT_CONVERSION = YES;
				CLANG_WARN_DIRECT_OBJC_ISA_USAGE = YES_ERROR;
				CLANG_WARN_DOCUMENTATION_COMMENTS = YES;
				CLANG_WARN_EMPTY_BODY = YES;
				CLANG_WARN_ENUM_CONVERSION = YES;
				CLANG_WARN_INFINITE_RECURSION = YES;
				CLANG_WARN_INT_CONVERSION = YES;
				CLANG_WARN_NON_LITERAL_NULL_CONVERSION = YES;
				CLANG_WARN_OBJC_LITERAL_CONVERSION = YES;
				CLANG_WARN_OBJC_ROOT_CLASS = YES_ERROR;
				CLANG_WARN_RANGE_LOOP_ANALYSIS = YES;
				CLANG_WARN_STRICT_PROTOTYPES = YES;
				CLANG_WARN_SUSPICIOUS_MOVE = YES;
				CLANG_WARN_UNGUARDED_AVAILABILITY = YES_AGGRESSIVE;
				CLANG_WARN_UNREACHABLE_CODE = YES;
				CLANG_WARN__DUPLICATE_METHOD_MATCH = YES;
				CODE_SIGN_IDENTITY = "iPhone Developer";
				COPY_PHASE_STRIP = NO;
				DEBUG_INFORMATION_FORMAT = "dwarf-with-dsym";
				ENABLE_NS_ASSERTIONS = NO;
				ENABLE_STRICT_OBJC_MSGSEND = YES;
				GCC_C_LANGUAGE_STANDARD = gnu11;
				GCC_NO_COMMON_BLOCKS = YES;
				GCC_WARN_64_TO_32_BIT_CONVERSION = YES;
				GCC_WARN_ABOUT_RETURN_TYPE = YES_ERROR;
				GCC_WARN_UNDECLARED_SELECTOR = YES;
				GCC_WARN_UNINITIALIZED_AUTOS = YES_AGGRESSIVE;
				GCC_WARN_UNUSED_FUNCTION = YES;
				GCC_WARN_UNUSED_VARIABLE = YES;
				IPHONEOS_DEPLOYMENT_TARGET = 11.0;
				MTL_ENABLE_DEBUG_INFO = NO;
				SDKROOT = iphoneos;
				SWIFT_OPTIMIZATION_LEVEL = "-Owholemodule";
				VALIDATE_PRODUCT = YES;
			};
			name = Release;
		};
		1DCA0756207360DA008179A6 /* Debug */ = {
			isa = XCBuildConfiguration;
			buildSettings = {
				ASSETCATALOG_COMPILER_APPICON_NAME = AppIcon;
				CODE_SIGN_STYLE = Automatic;
				DEVELOPMENT_TEAM = QAQ8SZ45S3;
				INFOPLIST_FILE = List/Info.plist;
				LD_RUNPATH_SEARCH_PATHS = "$(inherited) @executable_path/Frameworks";
				PRODUCT_BUNDLE_IDENTIFIER = com.exilant.List;
				PRODUCT_NAME = "$(TARGET_NAME)";
				SWIFT_VERSION = 4.0;
				TARGETED_DEVICE_FAMILY = "1,2";
			};
			name = Debug;
		};
		1DCA0757207360DA008179A6 /* Release */ = {
			isa = XCBuildConfiguration;
			buildSettings = {
				ASSETCATALOG_COMPILER_APPICON_NAME = AppIcon;
				CODE_SIGN_STYLE = Automatic;
				DEVELOPMENT_TEAM = QAQ8SZ45S3;
				INFOPLIST_FILE = List/Info.plist;
				LD_RUNPATH_SEARCH_PATHS = "$(inherited) @executable_path/Frameworks";
				PRODUCT_BUNDLE_IDENTIFIER = com.exilant.List;
				PRODUCT_NAME = "$(TARGET_NAME)";
				SWIFT_VERSION = 4.0;
				TARGETED_DEVICE_FAMILY = "1,2";
			};
			name = Release;
		};
		1DCA0759207360DA008179A6 /* Debug */ = {
			isa = XCBuildConfiguration;
			buildSettings = {
				ALWAYS_EMBED_SWIFT_STANDARD_LIBRARIES = YES;
				BUNDLE_LOADER = "$(TEST_HOST)";
				CODE_SIGN_STYLE = Automatic;
				DEVELOPMENT_TEAM = QAQ8SZ45S3;
				INFOPLIST_FILE = ListTests/Info.plist;
				LD_RUNPATH_SEARCH_PATHS = "$(inherited) @executable_path/Frameworks @loader_path/Frameworks";
				PRODUCT_BUNDLE_IDENTIFIER = com.exilant.ListTests;
				PRODUCT_NAME = "$(TARGET_NAME)";
				SWIFT_VERSION = 4.0;
				TARGETED_DEVICE_FAMILY = "1,2";
				TEST_HOST = "$(BUILT_PRODUCTS_DIR)/List.app/List";
			};
			name = Debug;
		};
		1DCA075A207360DA008179A6 /* Release */ = {
			isa = XCBuildConfiguration;
			buildSettings = {
				ALWAYS_EMBED_SWIFT_STANDARD_LIBRARIES = YES;
				BUNDLE_LOADER = "$(TEST_HOST)";
				CODE_SIGN_STYLE = Automatic;
				DEVELOPMENT_TEAM = QAQ8SZ45S3;
				INFOPLIST_FILE = ListTests/Info.plist;
				LD_RUNPATH_SEARCH_PATHS = "$(inherited) @executable_path/Frameworks @loader_path/Frameworks";
				PRODUCT_BUNDLE_IDENTIFIER = com.exilant.ListTests;
				PRODUCT_NAME = "$(TARGET_NAME)";
				SWIFT_VERSION = 4.0;
				TARGETED_DEVICE_FAMILY = "1,2";
				TEST_HOST = "$(BUILT_PRODUCTS_DIR)/List.app/List";
			};
			name = Release;
		};
		1DCA075C207360DA008179A6 /* Debug */ = {
			isa = XCBuildConfiguration;
			buildSettings = {
				ALWAYS_EMBED_SWIFT_STANDARD_LIBRARIES = YES;
				CODE_SIGN_STYLE = Automatic;
				DEVELOPMENT_TEAM = QAQ8SZ45S3;
				INFOPLIST_FILE = ListUITests/Info.plist;
				LD_RUNPATH_SEARCH_PATHS = "$(inherited) @executable_path/Frameworks @loader_path/Frameworks";
				PRODUCT_BUNDLE_IDENTIFIER = com.exilant.ListUITests;
				PRODUCT_NAME = "$(TARGET_NAME)";
				SWIFT_VERSION = 4.0;
				TARGETED_DEVICE_FAMILY = "1,2";
				TEST_TARGET_NAME = List;
			};
			name = Debug;
		};
		1DCA075D207360DA008179A6 /* Release */ = {
			isa = XCBuildConfiguration;
			buildSettings = {
				ALWAYS_EMBED_SWIFT_STANDARD_LIBRARIES = YES;
				CODE_SIGN_STYLE = Automatic;
				DEVELOPMENT_TEAM = QAQ8SZ45S3;
				INFOPLIST_FILE = ListUITests/Info.plist;
				LD_RUNPATH_SEARCH_PATHS = "$(inherited) @executable_path/Frameworks @loader_path/Frameworks";
				PRODUCT_BUNDLE_IDENTIFIER = com.exilant.ListUITests;
				PRODUCT_NAME = "$(TARGET_NAME)";
				SWIFT_VERSION = 4.0;
				TARGETED_DEVICE_FAMILY = "1,2";
				TEST_TARGET_NAME = List;
			};
			name = Release;
		};
/* End XCBuildConfiguration section */

/* Begin XCConfigurationList section */
		1DCA0728207360D9008179A6 /* Build configuration list for PBXProject "List" */ = {
			isa = XCConfigurationList;
			buildConfigurations = (
				1DCA0753207360DA008179A6 /* Debug */,
				1DCA0754207360DA008179A6 /* Release */,
			);
			defaultConfigurationIsVisible = 0;
			defaultConfigurationName = Release;
		};
		1DCA0755207360DA008179A6 /* Build configuration list for PBXNativeTarget "List" */ = {
			isa = XCConfigurationList;
			buildConfigurations = (
				1DCA0756207360DA008179A6 /* Debug */,
				1DCA0757207360DA008179A6 /* Release */,
			);
			defaultConfigurationIsVisible = 0;
			defaultConfigurationName = Release;
		};
		1DCA0758207360DA008179A6 /* Build configuration list for PBXNativeTarget "ListTests" */ = {
			isa = XCConfigurationList;
			buildConfigurations = (
				1DCA0759207360DA008179A6 /* Debug */,
				1DCA075A207360DA008179A6 /* Release */,
			);
			defaultConfigurationIsVisible = 0;
			defaultConfigurationName = Release;
		};
		1DCA075B207360DA008179A6 /* Build configuration list for PBXNativeTarget "ListUITests" */ = {
			isa = XCConfigurationList;
			buildConfigurations = (
				1DCA075C207360DA008179A6 /* Debug */,
				1DCA075D207360DA008179A6 /* Release */,
			);
			defaultConfigurationIsVisible = 0;
			defaultConfigurationName = Release;
		};
/* End XCConfigurationList section */
	};
	rootObject = 1DCA0725207360D9008179A6 /* Project object */;
}
